// !$*UTF8*$!
{
	archiveVersion = 1;
	classes = {
	};
	objectVersion = 56;
	objects = {

/* Begin PBXBuildFile section */
		50B490AD2A2EBF6C00D84DEF /* GardenApp.swift in Sources */ = {isa = PBXBuildFile; fileRef = 50B490AC2A2EBF6C00D84DEF /* GardenApp.swift */; };
		50B490AF2A2EBF6C00D84DEF /* Item.swift in Sources */ = {isa = PBXBuildFile; fileRef = 50B490AE2A2EBF6C00D84DEF /* Item.swift */; };
		50B490B12A2EBF6C00D84DEF /* ContentView.swift in Sources */ = {isa = PBXBuildFile; fileRef = 50B490B02A2EBF6C00D84DEF /* ContentView.swift */; };
		50B490B32A2EBF6C00D84DEF /* Assets.xcassets in Resources */ = {isa = PBXBuildFile; fileRef = 50B490B22A2EBF6C00D84DEF /* Assets.xcassets */; };
		50B490B72A2EBF6C00D84DEF /* Preview Assets.xcassets in Resources */ = {isa = PBXBuildFile; fileRef = 50B490B62A2EBF6C00D84DEF /* Preview Assets.xcassets */; };
		50B490C12A2EBF6C00D84DEF /* GardenTests.swift in Sources */ = {isa = PBXBuildFile; fileRef = 50B490C02A2EBF6C00D84DEF /* GardenTests.swift */; };
		50B490CB2A2EBF6D00D84DEF /* GardenUITests.swift in Sources */ = {isa = PBXBuildFile; fileRef = 50B490CA2A2EBF6D00D84DEF /* GardenUITests.swift */; };
		50B490CD2A2EBF6D00D84DEF /* GardenUITestsLaunchTests.swift in Sources */ = {isa = PBXBuildFile; fileRef = 50B490CC2A2EBF6D00D84DEF /* GardenUITestsLaunchTests.swift */; };
/* End PBXBuildFile section */

/* Begin PBXContainerItemProxy section */
		50B490BD2A2EBF6C00D84DEF /* PBXContainerItemProxy */ = {
			isa = PBXContainerItemProxy;
			containerPortal = 50B490A12A2EBF6C00D84DEF /* Project object */;
			proxyType = 1;
			remoteGlobalIDString = 50B490A82A2EBF6C00D84DEF;
			remoteInfo = Garden;
		};
		50B490C72A2EBF6D00D84DEF /* PBXContainerItemProxy */ = {
			isa = PBXContainerItemProxy;
			containerPortal = 50B490A12A2EBF6C00D84DEF /* Project object */;
			proxyType = 1;
			remoteGlobalIDString = 50B490A82A2EBF6C00D84DEF;
			remoteInfo = Garden;
		};
/* End PBXContainerItemProxy section */

/* Begin PBXFileReference section */
		50B490A92A2EBF6C00D84DEF /* Garden.app */ = {isa = PBXFileReference; explicitFileType = wrapper.application; includeInIndex = 0; path = Garden.app; sourceTree = BUILT_PRODUCTS_DIR; };
		50B490AC2A2EBF6C00D84DEF /* GardenApp.swift */ = {isa = PBXFileReference; lastKnownFileType = sourcecode.swift; path = GardenApp.swift; sourceTree = "<group>"; };
		50B490AE2A2EBF6C00D84DEF /* Item.swift */ = {isa = PBXFileReference; lastKnownFileType = sourcecode.swift; path = Item.swift; sourceTree = "<group>"; };
		50B490B02A2EBF6C00D84DEF /* ContentView.swift */ = {isa = PBXFileReference; lastKnownFileType = sourcecode.swift; path = ContentView.swift; sourceTree = "<group>"; };
		50B490B22A2EBF6C00D84DEF /* Assets.xcassets */ = {isa = PBXFileReference; lastKnownFileType = folder.assetcatalog; path = Assets.xcassets; sourceTree = "<group>"; };
		50B490B42A2EBF6C00D84DEF /* Garden.entitlements */ = {isa = PBXFileReference; lastKnownFileType = text.plist.entitlements; path = Garden.entitlements; sourceTree = "<group>"; };
		50B490B62A2EBF6C00D84DEF /* Preview Assets.xcassets */ = {isa = PBXFileReference; lastKnownFileType = folder.assetcatalog; path = "Preview Assets.xcassets"; sourceTree = "<group>"; };
		50B490BC2A2EBF6C00D84DEF /* GardenTests.xctest */ = {isa = PBXFileReference; explicitFileType = wrapper.cfbundle; includeInIndex = 0; path = GardenTests.xctest; sourceTree = BUILT_PRODUCTS_DIR; };
		50B490C02A2EBF6C00D84DEF /* GardenTests.swift */ = {isa = PBXFileReference; lastKnownFileType = sourcecode.swift; path = GardenTests.swift; sourceTree = "<group>"; };
		50B490C62A2EBF6D00D84DEF /* GardenUITests.xctest */ = {isa = PBXFileReference; explicitFileType = wrapper.cfbundle; includeInIndex = 0; path = GardenUITests.xctest; sourceTree = BUILT_PRODUCTS_DIR; };
		50B490CA2A2EBF6D00D84DEF /* GardenUITests.swift */ = {isa = PBXFileReference; lastKnownFileType = sourcecode.swift; path = GardenUITests.swift; sourceTree = "<group>"; };
		50B490CC2A2EBF6D00D84DEF /* GardenUITestsLaunchTests.swift */ = {isa = PBXFileReference; lastKnownFileType = sourcecode.swift; path = GardenUITestsLaunchTests.swift; sourceTree = "<group>"; };
/* End PBXFileReference section */

/* Begin PBXFrameworksBuildPhase section */
		50B490A62A2EBF6C00D84DEF /* Frameworks */ = {
			isa = PBXFrameworksBuildPhase;
			buildActionMask = 2147483647;
			files = (
			);
			runOnlyForDeploymentPostprocessing = 0;
		};
		50B490B92A2EBF6C00D84DEF /* Frameworks */ = {
			isa = PBXFrameworksBuildPhase;
			buildActionMask = 2147483647;
			files = (
			);
			runOnlyForDeploymentPostprocessing = 0;
		};
		50B490C32A2EBF6D00D84DEF /* Frameworks */ = {
			isa = PBXFrameworksBuildPhase;
			buildActionMask = 2147483647;
			files = (
			);
			runOnlyForDeploymentPostprocessing = 0;
		};
/* End PBXFrameworksBuildPhase section */

/* Begin PBXGroup section */
		50B490A02A2EBF6C00D84DEF = {
			isa = PBXGroup;
			children = (
				50B490AB2A2EBF6C00D84DEF /* Garden */,
				50B490BF2A2EBF6C00D84DEF /* GardenTests */,
				50B490C92A2EBF6D00D84DEF /* GardenUITests */,
				50B490AA2A2EBF6C00D84DEF /* Products */,
			);
			sourceTree = "<group>";
		};
		50B490AA2A2EBF6C00D84DEF /* Products */ = {
			isa = PBXGroup;
			children = (
				50B490A92A2EBF6C00D84DEF /* Garden.app */,
				50B490BC2A2EBF6C00D84DEF /* GardenTests.xctest */,
				50B490C62A2EBF6D00D84DEF /* GardenUITests.xctest */,
			);
			name = Products;
			sourceTree = "<group>";
		};
		50B490AB2A2EBF6C00D84DEF /* Garden */ = {
			isa = PBXGroup;
			children = (
				50B490AC2A2EBF6C00D84DEF /* GardenApp.swift */,
				50B490AE2A2EBF6C00D84DEF /* Item.swift */,
				50B490B02A2EBF6C00D84DEF /* ContentView.swift */,
				50B490B22A2EBF6C00D84DEF /* Assets.xcassets */,
				50B490B42A2EBF6C00D84DEF /* Garden.entitlements */,
				50B490B52A2EBF6C00D84DEF /* Preview Content */,
			);
			path = Garden;
			sourceTree = "<group>";
		};
		50B490B52A2EBF6C00D84DEF /* Preview Content */ = {
			isa = PBXGroup;
			children = (
				50B490B62A2EBF6C00D84DEF /* Preview Assets.xcassets */,
			);
			path = "Preview Content";
			sourceTree = "<group>";
		};
		50B490BF2A2EBF6C00D84DEF /* GardenTests */ = {
			isa = PBXGroup;
			children = (
				50B490C02A2EBF6C00D84DEF /* GardenTests.swift */,
			);
			path = GardenTests;
			sourceTree = "<group>";
		};
		50B490C92A2EBF6D00D84DEF /* GardenUITests */ = {
			isa = PBXGroup;
			children = (
				50B490CA2A2EBF6D00D84DEF /* GardenUITests.swift */,
				50B490CC2A2EBF6D00D84DEF /* GardenUITestsLaunchTests.swift */,
			);
			path = GardenUITests;
			sourceTree = "<group>";
		};
/* End PBXGroup section */

/* Begin PBXNativeTarget section */
		50B490A82A2EBF6C00D84DEF /* Garden */ = {
			isa = PBXNativeTarget;
			buildConfigurationList = 50B490D02A2EBF6D00D84DEF /* Build configuration list for PBXNativeTarget "Garden" */;
			buildPhases = (
				50B490A52A2EBF6C00D84DEF /* Sources */,
				50B490A62A2EBF6C00D84DEF /* Frameworks */,
				50B490A72A2EBF6C00D84DEF /* Resources */,
			);
			buildRules = (
			);
			dependencies = (
			);
			name = Garden;
			productName = Garden;
			productReference = 50B490A92A2EBF6C00D84DEF /* Garden.app */;
			productType = "com.apple.product-type.application";
		};
		50B490BB2A2EBF6C00D84DEF /* GardenTests */ = {
			isa = PBXNativeTarget;
			buildConfigurationList = 50B490D32A2EBF6D00D84DEF /* Build configuration list for PBXNativeTarget "GardenTests" */;
			buildPhases = (
				50B490B82A2EBF6C00D84DEF /* Sources */,
				50B490B92A2EBF6C00D84DEF /* Frameworks */,
				50B490BA2A2EBF6C00D84DEF /* Resources */,
			);
			buildRules = (
			);
			dependencies = (
				50B490BE2A2EBF6C00D84DEF /* PBXTargetDependency */,
			);
			name = GardenTests;
			productName = GardenTests;
			productReference = 50B490BC2A2EBF6C00D84DEF /* GardenTests.xctest */;
			productType = "com.apple.product-type.bundle.unit-test";
		};
		50B490C52A2EBF6D00D84DEF /* GardenUITests */ = {
			isa = PBXNativeTarget;
			buildConfigurationList = 50B490D62A2EBF6D00D84DEF /* Build configuration list for PBXNativeTarget "GardenUITests" */;
			buildPhases = (
				50B490C22A2EBF6D00D84DEF /* Sources */,
				50B490C32A2EBF6D00D84DEF /* Frameworks */,
				50B490C42A2EBF6D00D84DEF /* Resources */,
			);
			buildRules = (
			);
			dependencies = (
				50B490C82A2EBF6D00D84DEF /* PBXTargetDependency */,
			);
			name = GardenUITests;
			productName = GardenUITests;
			productReference = 50B490C62A2EBF6D00D84DEF /* GardenUITests.xctest */;
			productType = "com.apple.product-type.bundle.ui-testing";
		};
/* End PBXNativeTarget section */

/* Begin PBXProject section */
		50B490A12A2EBF6C00D84DEF /* Project object */ = {
			isa = PBXProject;
			attributes = {
				BuildIndependentTargetsInParallel = 1;
				LastSwiftUpdateCheck = 1500;
				LastUpgradeCheck = 1500;
				TargetAttributes = {
					50B490A82A2EBF6C00D84DEF = {
						CreatedOnToolsVersion = 15.0;
					};
					50B490BB2A2EBF6C00D84DEF = {
						CreatedOnToolsVersion = 15.0;
						TestTargetID = 50B490A82A2EBF6C00D84DEF;
					};
					50B490C52A2EBF6D00D84DEF = {
						CreatedOnToolsVersion = 15.0;
						TestTargetID = 50B490A82A2EBF6C00D84DEF;
					};
				};
			};
			buildConfigurationList = 50B490A42A2EBF6C00D84DEF /* Build configuration list for PBXProject "Garden" */;
			compatibilityVersion = "Xcode 14.0";
			developmentRegion = en;
			hasScannedForEncodings = 0;
			knownRegions = (
				en,
				Base,
			);
			mainGroup = 50B490A02A2EBF6C00D84DEF;
			productRefGroup = 50B490AA2A2EBF6C00D84DEF /* Products */;
			projectDirPath = "";
			projectRoot = "";
			targets = (
				50B490A82A2EBF6C00D84DEF /* Garden */,
				50B490BB2A2EBF6C00D84DEF /* GardenTests */,
				50B490C52A2EBF6D00D84DEF /* GardenUITests */,
			);
		};
/* End PBXProject section */

/* Begin PBXResourcesBuildPhase section */
		50B490A72A2EBF6C00D84DEF /* Resources */ = {
			isa = PBXResourcesBuildPhase;
			buildActionMask = 2147483647;
			files = (
				50B490B72A2EBF6C00D84DEF /* Preview Assets.xcassets in Resources */,
				50B490B32A2EBF6C00D84DEF /* Assets.xcassets in Resources */,
			);
			runOnlyForDeploymentPostprocessing = 0;
		};
		50B490BA2A2EBF6C00D84DEF /* Resources */ = {
			isa = PBXResourcesBuildPhase;
			buildActionMask = 2147483647;
			files = (
			);
			runOnlyForDeploymentPostprocessing = 0;
		};
		50B490C42A2EBF6D00D84DEF /* Resources */ = {
			isa = PBXResourcesBuildPhase;
			buildActionMask = 2147483647;
			files = (
			);
			runOnlyForDeploymentPostprocessing = 0;
		};
/* End PBXResourcesBuildPhase section */

/* Begin PBXSourcesBuildPhase section */
		50B490A52A2EBF6C00D84DEF /* Sources */ = {
			isa = PBXSourcesBuildPhase;
			buildActionMask = 2147483647;
			files = (
				50B490AF2A2EBF6C00D84DEF /* Item.swift in Sources */,
				50B490AD2A2EBF6C00D84DEF /* GardenApp.swift in Sources */,
				50B490B12A2EBF6C00D84DEF /* ContentView.swift in Sources */,
			);
			runOnlyForDeploymentPostprocessing = 0;
		};
		50B490B82A2EBF6C00D84DEF /* Sources */ = {
			isa = PBXSourcesBuildPhase;
			buildActionMask = 2147483647;
			files = (
				50B490C12A2EBF6C00D84DEF /* GardenTests.swift in Sources */,
			);
			runOnlyForDeploymentPostprocessing = 0;
		};
		50B490C22A2EBF6D00D84DEF /* Sources */ = {
			isa = PBXSourcesBuildPhase;
			buildActionMask = 2147483647;
			files = (
				50B490CB2A2EBF6D00D84DEF /* GardenUITests.swift in Sources */,
				50B490CD2A2EBF6D00D84DEF /* GardenUITestsLaunchTests.swift in Sources */,
			);
			runOnlyForDeploymentPostprocessing = 0;
		};
/* End PBXSourcesBuildPhase section */

/* Begin PBXTargetDependency section */
		50B490BE2A2EBF6C00D84DEF /* PBXTargetDependency */ = {
			isa = PBXTargetDependency;
			target = 50B490A82A2EBF6C00D84DEF /* Garden */;
			targetProxy = 50B490BD2A2EBF6C00D84DEF /* PBXContainerItemProxy */;
		};
		50B490C82A2EBF6D00D84DEF /* PBXTargetDependency */ = {
			isa = PBXTargetDependency;
			target = 50B490A82A2EBF6C00D84DEF /* Garden */;
			targetProxy = 50B490C72A2EBF6D00D84DEF /* PBXContainerItemProxy */;
		};
/* End PBXTargetDependency section */

/* Begin XCBuildConfiguration section */
		50B490CE2A2EBF6D00D84DEF /* Debug */ = {
			isa = XCBuildConfiguration;
			buildSettings = {
				ALWAYS_SEARCH_USER_PATHS = NO;
				ASSETCATALOG_COMPILER_GENERATE_SWIFT_ASSET_SYMBOL_EXTENSIONS = YES;
				CLANG_ANALYZER_NONNULL = YES;
				CLANG_ANALYZER_NUMBER_OBJECT_CONVERSION = YES_AGGRESSIVE;
				CLANG_CXX_LANGUAGE_STANDARD = "gnu++20";
				CLANG_ENABLE_MODULES = YES;
				CLANG_ENABLE_OBJC_ARC = YES;
				CLANG_ENABLE_OBJC_WEAK = YES;
				CLANG_WARN_BLOCK_CAPTURE_AUTORELEASING = YES;
				CLANG_WARN_BOOL_CONVERSION = YES;
				CLANG_WARN_COMMA = YES;
				CLANG_WARN_CONSTANT_CONVERSION = YES;
				CLANG_WARN_DEPRECATED_OBJC_IMPLEMENTATIONS = YES;
				CLANG_WARN_DIRECT_OBJC_ISA_USAGE = YES_ERROR;
				CLANG_WARN_DOCUMENTATION_COMMENTS = YES;
				CLANG_WARN_EMPTY_BODY = YES;
				CLANG_WARN_ENUM_CONVERSION = YES;
				CLANG_WARN_INFINITE_RECURSION = YES;
				CLANG_WARN_INT_CONVERSION = YES;
				CLANG_WARN_NON_LITERAL_NULL_CONVERSION = YES;
				CLANG_WARN_OBJC_IMPLICIT_RETAIN_SELF = YES;
				CLANG_WARN_OBJC_LITERAL_CONVERSION = YES;
				CLANG_WARN_OBJC_ROOT_CLASS = YES_ERROR;
				CLANG_WARN_QUOTED_INCLUDE_IN_FRAMEWORK_HEADER = YES;
				CLANG_WARN_RANGE_LOOP_ANALYSIS = YES;
				CLANG_WARN_STRICT_PROTOTYPES = YES;
				CLANG_WARN_SUSPICIOUS_MOVE = YES;
				CLANG_WARN_UNGUARDED_AVAILABILITY = YES_AGGRESSIVE;
				CLANG_WARN_UNREACHABLE_CODE = YES;
				CLANG_WARN__DUPLICATE_METHOD_MATCH = YES;
				COPY_PHASE_STRIP = NO;
				DEBUG_INFORMATION_FORMAT = dwarf;
				ENABLE_STRICT_OBJC_MSGSEND = YES;
				ENABLE_TESTABILITY = YES;
				ENABLE_USER_SCRIPT_SANDBOXING = YES;
				GCC_C_LANGUAGE_STANDARD = gnu17;
				GCC_DYNAMIC_NO_PIC = NO;
				GCC_NO_COMMON_BLOCKS = YES;
				GCC_OPTIMIZATION_LEVEL = 0;
				GCC_PREPROCESSOR_DEFINITIONS = (
					"DEBUG=1",
					"$(inherited)",
				);
				GCC_WARN_64_TO_32_BIT_CONVERSION = YES;
				GCC_WARN_ABOUT_RETURN_TYPE = YES_ERROR;
				GCC_WARN_UNDECLARED_SELECTOR = YES;
				GCC_WARN_UNINITIALIZED_AUTOS = YES_AGGRESSIVE;
				GCC_WARN_UNUSED_FUNCTION = YES;
				GCC_WARN_UNUSED_VARIABLE = YES;
				LOCALIZATION_PREFERS_STRING_CATALOGS = YES;
				MTL_ENABLE_DEBUG_INFO = INCLUDE_SOURCE;
				MTL_FAST_MATH = YES;
				ONLY_ACTIVE_ARCH = YES;
				SWIFT_ACTIVE_COMPILATION_CONDITIONS = "DEBUG $(inherited)";
				SWIFT_OPTIMIZATION_LEVEL = "-Onone";
			};
			name = Debug;
		};
		50B490CF2A2EBF6D00D84DEF /* Release */ = {
			isa = XCBuildConfiguration;
			buildSettings = {
				ALWAYS_SEARCH_USER_PATHS = NO;
				ASSETCATALOG_COMPILER_GENERATE_SWIFT_ASSET_SYMBOL_EXTENSIONS = YES;
				CLANG_ANALYZER_NONNULL = YES;
				CLANG_ANALYZER_NUMBER_OBJECT_CONVERSION = YES_AGGRESSIVE;
				CLANG_CXX_LANGUAGE_STANDARD = "gnu++20";
				CLANG_ENABLE_MODULES = YES;
				CLANG_ENABLE_OBJC_ARC = YES;
				CLANG_ENABLE_OBJC_WEAK = YES;
				CLANG_WARN_BLOCK_CAPTURE_AUTORELEASING = YES;
				CLANG_WARN_BOOL_CONVERSION = YES;
				CLANG_WARN_COMMA = YES;
				CLANG_WARN_CONSTANT_CONVERSION = YES;
				CLANG_WARN_DEPRECATED_OBJC_IMPLEMENTATIONS = YES;
				CLANG_WARN_DIRECT_OBJC_ISA_USAGE = YES_ERROR;
				CLANG_WARN_DOCUMENTATION_COMMENTS = YES;
				CLANG_WARN_EMPTY_BODY = YES;
				CLANG_WARN_ENUM_CONVERSION = YES;
				CLANG_WARN_INFINITE_RECURSION = YES;
				CLANG_WARN_INT_CONVERSION = YES;
				CLANG_WARN_NON_LITERAL_NULL_CONVERSION = YES;
				CLANG_WARN_OBJC_IMPLICIT_RETAIN_SELF = YES;
				CLANG_WARN_OBJC_LITERAL_CONVERSION = YES;
				CLANG_WARN_OBJC_ROOT_CLASS = YES_ERROR;
				CLANG_WARN_QUOTED_INCLUDE_IN_FRAMEWORK_HEADER = YES;
				CLANG_WARN_RANGE_LOOP_ANALYSIS = YES;
				CLANG_WARN_STRICT_PROTOTYPES = YES;
				CLANG_WARN_SUSPICIOUS_MOVE = YES;
				CLANG_WARN_UNGUARDED_AVAILABILITY = YES_AGGRESSIVE;
				CLANG_WARN_UNREACHABLE_CODE = YES;
				CLANG_WARN__DUPLICATE_METHOD_MATCH = YES;
				COPY_PHASE_STRIP = NO;
				DEBUG_INFORMATION_FORMAT = "dwarf-with-dsym";
				ENABLE_NS_ASSERTIONS = NO;
				ENABLE_STRICT_OBJC_MSGSEND = YES;
				ENABLE_USER_SCRIPT_SANDBOXING = YES;
				GCC_C_LANGUAGE_STANDARD = gnu17;
				GCC_NO_COMMON_BLOCKS = YES;
				GCC_WARN_64_TO_32_BIT_CONVERSION = YES;
				GCC_WARN_ABOUT_RETURN_TYPE = YES_ERROR;
				GCC_WARN_UNDECLARED_SELECTOR = YES;
				GCC_WARN_UNINITIALIZED_AUTOS = YES_AGGRESSIVE;
				GCC_WARN_UNUSED_FUNCTION = YES;
				GCC_WARN_UNUSED_VARIABLE = YES;
				LOCALIZATION_PREFERS_STRING_CATALOGS = YES;
				MTL_ENABLE_DEBUG_INFO = NO;
				MTL_FAST_MATH = YES;
				SWIFT_COMPILATION_MODE = wholemodule;
			};
			name = Release;
		};
		50B490D12A2EBF6D00D84DEF /* Debug */ = {
			isa = XCBuildConfiguration;
			buildSettings = {
				ASSETCATALOG_COMPILER_APPICON_NAME = AppIcon;
				ASSETCATALOG_COMPILER_GLOBAL_ACCENT_COLOR_NAME = AccentColor;
				CODE_SIGN_ENTITLEMENTS = Garden/Garden.entitlements;
				CODE_SIGN_STYLE = Automatic;
				CURRENT_PROJECT_VERSION = 1;
				DEVELOPMENT_ASSET_PATHS = "\"Garden/Preview Content\"";
				DEVELOPMENT_TEAM = NSRS3549R3;
				ENABLE_HARDENED_RUNTIME = YES;
				ENABLE_PREVIEWS = YES;
				GENERATE_INFOPLIST_FILE = YES;
				"INFOPLIST_KEY_UIApplicationSceneManifest_Generation[sdk=iphoneos*]" = YES;
				"INFOPLIST_KEY_UIApplicationSceneManifest_Generation[sdk=iphonesimulator*]" = YES;
				"INFOPLIST_KEY_UIApplicationSupportsIndirectInputEvents[sdk=iphoneos*]" = YES;
				"INFOPLIST_KEY_UIApplicationSupportsIndirectInputEvents[sdk=iphonesimulator*]" = YES;
				"INFOPLIST_KEY_UILaunchScreen_Generation[sdk=iphoneos*]" = YES;
				"INFOPLIST_KEY_UILaunchScreen_Generation[sdk=iphonesimulator*]" = YES;
				"INFOPLIST_KEY_UIStatusBarStyle[sdk=iphoneos*]" = UIStatusBarStyleDefault;
				"INFOPLIST_KEY_UIStatusBarStyle[sdk=iphonesimulator*]" = UIStatusBarStyleDefault;
				INFOPLIST_KEY_UISupportedInterfaceOrientations_iPad = "UIInterfaceOrientationPortrait UIInterfaceOrientationPortraitUpsideDown UIInterfaceOrientationLandscapeLeft UIInterfaceOrientationLandscapeRight";
				INFOPLIST_KEY_UISupportedInterfaceOrientations_iPhone = "UIInterfaceOrientationPortrait UIInterfaceOrientationLandscapeLeft UIInterfaceOrientationLandscapeRight";
				IPHONEOS_DEPLOYMENT_TARGET = 17.0;
				LD_RUNPATH_SEARCH_PATHS = "@executable_path/Frameworks";
				"LD_RUNPATH_SEARCH_PATHS[sdk=macosx*]" = "@executable_path/../Frameworks";
				MACOSX_DEPLOYMENT_TARGET = 13.4;
				MARKETING_VERSION = 1.0;
				PRODUCT_BUNDLE_IDENTIFIER = au.hlstudios.Garden;
				PRODUCT_NAME = "$(TARGET_NAME)";
				SDKROOT = auto;
				SUPPORTED_PLATFORMS = "iphoneos iphonesimulator macosx";
				SWIFT_EMIT_LOC_STRINGS = YES;
				SWIFT_VERSION = 5.0;
				TARGETED_DEVICE_FAMILY = "1,2";
			};
			name = Debug;
		};
		50B490D22A2EBF6D00D84DEF /* Release */ = {
			isa = XCBuildConfiguration;
			buildSettings = {
				ASSETCATALOG_COMPILER_APPICON_NAME = AppIcon;
				ASSETCATALOG_COMPILER_GLOBAL_ACCENT_COLOR_NAME = AccentColor;
				CODE_SIGN_ENTITLEMENTS = Garden/Garden.entitlements;
				CODE_SIGN_STYLE = Automatic;
				CURRENT_PROJECT_VERSION = 1;
				DEVELOPMENT_ASSET_PATHS = "\"Garden/Preview Content\"";
				DEVELOPMENT_TEAM = NSRS3549R3;
				ENABLE_HARDENED_RUNTIME = YES;
				ENABLE_PREVIEWS = YES;
				GENERATE_INFOPLIST_FILE = YES;
				"INFOPLIST_KEY_UIApplicationSceneManifest_Generation[sdk=iphoneos*]" = YES;
				"INFOPLIST_KEY_UIApplicationSceneManifest_Generation[sdk=iphonesimulator*]" = YES;
				"INFOPLIST_KEY_UIApplicationSupportsIndirectInputEvents[sdk=iphoneos*]" = YES;
				"INFOPLIST_KEY_UIApplicationSupportsIndirectInputEvents[sdk=iphonesimulator*]" = YES;
				"INFOPLIST_KEY_UILaunchScreen_Generation[sdk=iphoneos*]" = YES;
				"INFOPLIST_KEY_UILaunchScreen_Generation[sdk=iphonesimulator*]" = YES;
				"INFOPLIST_KEY_UIStatusBarStyle[sdk=iphoneos*]" = UIStatusBarStyleDefault;
				"INFOPLIST_KEY_UIStatusBarStyle[sdk=iphonesimulator*]" = UIStatusBarStyleDefault;
				INFOPLIST_KEY_UISupportedInterfaceOrientations_iPad = "UIInterfaceOrientationPortrait UIInterfaceOrientationPortraitUpsideDown UIInterfaceOrientationLandscapeLeft UIInterfaceOrientationLandscapeRight";
				INFOPLIST_KEY_UISupportedInterfaceOrientations_iPhone = "UIInterfaceOrientationPortrait UIInterfaceOrientationLandscapeLeft UIInterfaceOrientationLandscapeRight";
				IPHONEOS_DEPLOYMENT_TARGET = 17.0;
				LD_RUNPATH_SEARCH_PATHS = "@executable_path/Frameworks";
				"LD_RUNPATH_SEARCH_PATHS[sdk=macosx*]" = "@executable_path/../Frameworks";
				MACOSX_DEPLOYMENT_TARGET = 13.4;
				MARKETING_VERSION = 1.0;
				PRODUCT_BUNDLE_IDENTIFIER = au.hlstudios.Garden;
				PRODUCT_NAME = "$(TARGET_NAME)";
				SDKROOT = auto;
				SUPPORTED_PLATFORMS = "iphoneos iphonesimulator macosx";
				SWIFT_EMIT_LOC_STRINGS = YES;
				SWIFT_VERSION = 5.0;
				TARGETED_DEVICE_FAMILY = "1,2";
			};
			name = Release;
		};
		50B490D42A2EBF6D00D84DEF /* Debug */ = {
			isa = XCBuildConfiguration;
			buildSettings = {
				ALWAYS_EMBED_SWIFT_STANDARD_LIBRARIES = YES;
				BUNDLE_LOADER = "$(TEST_HOST)";
				CODE_SIGN_STYLE = Automatic;
				CURRENT_PROJECT_VERSION = 1;
				DEVELOPMENT_TEAM = NSRS3549R3;
				GENERATE_INFOPLIST_FILE = YES;
				IPHONEOS_DEPLOYMENT_TARGET = 17.0;
				MACOSX_DEPLOYMENT_TARGET = 13.4;
				MARKETING_VERSION = 1.0;
				PRODUCT_BUNDLE_IDENTIFIER = au.hlstudios.GardenTests;
				PRODUCT_NAME = "$(TARGET_NAME)";
				SDKROOT = auto;
				SUPPORTED_PLATFORMS = "iphoneos iphonesimulator macosx";
				SWIFT_EMIT_LOC_STRINGS = NO;
				SWIFT_VERSION = 5.0;
				TARGETED_DEVICE_FAMILY = "1,2";
				TEST_HOST = "$(BUILT_PRODUCTS_DIR)/Garden.app/$(BUNDLE_EXECUTABLE_FOLDER_PATH)/Garden";
			};
			name = Debug;
		};
		50B490D52A2EBF6D00D84DEF /* Release */ = {
			isa = XCBuildConfiguration;
			buildSettings = {
				ALWAYS_EMBED_SWIFT_STANDARD_LIBRARIES = YES;
				BUNDLE_LOADER = "$(TEST_HOST)";
				CODE_SIGN_STYLE = Automatic;
				CURRENT_PROJECT_VERSION = 1;
				DEVELOPMENT_TEAM = NSRS3549R3;
				GENERATE_INFOPLIST_FILE = YES;
				IPHONEOS_DEPLOYMENT_TARGET = 17.0;
				MACOSX_DEPLOYMENT_TARGET = 13.4;
				MARKETING_VERSION = 1.0;
				PRODUCT_BUNDLE_IDENTIFIER = au.hlstudios.GardenTests;
				PRODUCT_NAME = "$(TARGET_NAME)";
				SDKROOT = auto;
				SUPPORTED_PLATFORMS = "iphoneos iphonesimulator macosx";
				SWIFT_EMIT_LOC_STRINGS = NO;
				SWIFT_VERSION = 5.0;
				TARGETED_DEVICE_FAMILY = "1,2";
				TEST_HOST = "$(BUILT_PRODUCTS_DIR)/Garden.app/$(BUNDLE_EXECUTABLE_FOLDER_PATH)/Garden";
			};
			name = Release;
		};
		50B490D72A2EBF6D00D84DEF /* Debug */ = {
			isa = XCBuildConfiguration;
			buildSettings = {
				ALWAYS_EMBED_SWIFT_STANDARD_LIBRARIES = YES;
				CODE_SIGN_STYLE = Automatic;
				CURRENT_PROJECT_VERSION = 1;
				DEVELOPMENT_TEAM = NSRS3549R3;
				GENERATE_INFOPLIST_FILE = YES;
				IPHONEOS_DEPLOYMENT_TARGET = 17.0;
				MACOSX_DEPLOYMENT_TARGET = 13.4;
				MARKETING_VERSION = 1.0;
				PRODUCT_BUNDLE_IDENTIFIER = au.hlstudios.GardenUITests;
				PRODUCT_NAME = "$(TARGET_NAME)";
				SDKROOT = auto;
				SUPPORTED_PLATFORMS = "iphoneos iphonesimulator macosx";
				SWIFT_EMIT_LOC_STRINGS = NO;
				SWIFT_VERSION = 5.0;
				TARGETED_DEVICE_FAMILY = "1,2";
				TEST_TARGET_NAME = Garden;
			};
			name = Debug;
		};
		50B490D82A2EBF6D00D84DEF /* Release */ = {
			isa = XCBuildConfiguration;
			buildSettings = {
				ALWAYS_EMBED_SWIFT_STANDARD_LIBRARIES = YES;
				CODE_SIGN_STYLE = Automatic;
				CURRENT_PROJECT_VERSION = 1;
				DEVELOPMENT_TEAM = NSRS3549R3;
				GENERATE_INFOPLIST_FILE = YES;
				IPHONEOS_DEPLOYMENT_TARGET = 17.0;
				MACOSX_DEPLOYMENT_TARGET = 13.4;
				MARKETING_VERSION = 1.0;
				PRODUCT_BUNDLE_IDENTIFIER = au.hlstudios.GardenUITests;
				PRODUCT_NAME = "$(TARGET_NAME)";
				SDKROOT = auto;
				SUPPORTED_PLATFORMS = "iphoneos iphonesimulator macosx";
				SWIFT_EMIT_LOC_STRINGS = NO;
				SWIFT_VERSION = 5.0;
				TARGETED_DEVICE_FAMILY = "1,2";
				TEST_TARGET_NAME = Garden;
			};
			name = Release;
		};
/* End XCBuildConfiguration section */

/* Begin XCConfigurationList section */
		50B490A42A2EBF6C00D84DEF /* Build configuration list for PBXProject "Garden" */ = {
			isa = XCConfigurationList;
			buildConfigurations = (
				50B490CE2A2EBF6D00D84DEF /* Debug */,
				50B490CF2A2EBF6D00D84DEF /* Release */,
			);
			defaultConfigurationIsVisible = 0;
			defaultConfigurationName = Release;
		};
		50B490D02A2EBF6D00D84DEF /* Build configuration list for PBXNativeTarget "Garden" */ = {
			isa = XCConfigurationList;
			buildConfigurations = (
				50B490D12A2EBF6D00D84DEF /* Debug */,
				50B490D22A2EBF6D00D84DEF /* Release */,
			);
			defaultConfigurationIsVisible = 0;
			defaultConfigurationName = Release;
		};
		50B490D32A2EBF6D00D84DEF /* Build configuration list for PBXNativeTarget "GardenTests" */ = {
			isa = XCConfigurationList;
			buildConfigurations = (
				50B490D42A2EBF6D00D84DEF /* Debug */,
				50B490D52A2EBF6D00D84DEF /* Release */,
			);
			defaultConfigurationIsVisible = 0;
			defaultConfigurationName = Release;
		};
		50B490D62A2EBF6D00D84DEF /* Build configuration list for PBXNativeTarget "GardenUITests" */ = {
			isa = XCConfigurationList;
			buildConfigurations = (
				50B490D72A2EBF6D00D84DEF /* Debug */,
				50B490D82A2EBF6D00D84DEF /* Release */,
			);
			defaultConfigurationIsVisible = 0;
			defaultConfigurationName = Release;
		};
/* End XCConfigurationList section */
	};
	rootObject = 50B490A12A2EBF6C00D84DEF /* Project object */;
}
